
Microsoft Visual Studio Solution File, Format Version 12.00
# Visual Studio Version 17
VisualStudioVersion = 17.13.35919.96
MinimumVisualStudioVersion = 10.0.40219.1
Project("{FAE04EC0-301F-11D3-BF4B-00C04F79EFBC}") = "SystemDesign", "ConsoleApp1\SystemDesign.csproj", "{0A700CEA-FBDD-4A23-A239-9D885BFFE779}"
EndProject
Global
	GlobalSection(SolutionConfigurationPlatforms) = preSolution
		Debug|Any CPU = Debug|Any CPU
		Release|Any CPU = Release|Any CPU
	EndGlobalSection
	GlobalSection(ProjectConfigurationPlatforms) = postSolution
		{0A700CEA-FBDD-4A23-A239-9D885BFFE779}.Debug|Any CPU.ActiveCfg = Debug|Any CPU
		{0A700CEA-FBDD-4A23-A239-9D885BFFE779}.Debug|Any CPU.Build.0 = Debug|Any CPU
		{0A700CEA-FBDD-4A23-A239-9D885BFFE779}.Release|Any CPU.ActiveCfg = Release|Any CPU
		{0A700CEA-FBDD-4A23-A239-9D885BFFE779}.Release|Any CPU.Build.0 = Release|Any CPU
	EndGlobalSection
	GlobalSection(SolutionProperties) = preSolution
		HideSolutionNode = FALSE
	EndGlobalSection
	GlobalSection(ExtensibilityGlobals) = postSolution
		SolutionGuid = {BA4B87B7-C9F0-4B92-A2B0-35618FD8E1E6}
	EndGlobalSection
EndGlobal
